# THIS IS AN AUTOGENERATED FILE. DO NOT EDIT THIS FILE DIRECTLY.
# yarn lockfile v1


"@types/acorn@^4.0.3":
  version "4.0.3"
  resolved "https://registry.yarnpkg.com/@types/acorn/-/acorn-4.0.3.tgz#d1f3e738dde52536f9aad3d3380d14e448820afd"
  dependencies:
    "@types/estree" "*"

"@types/estree@*", "@types/estree@0.0.38":
  version "0.0.38"
  resolved "https://registry.yarnpkg.com/@types/estree/-/estree-0.0.38.tgz#c1be40aa933723c608820a99a373a16d215a1ca2"

acorn-dynamic-import@^3.0.0:
  version "3.0.0"
  resolved "https://registry.yarnpkg.com/acorn-dynamic-import/-/acorn-dynamic-import-3.0.0.tgz#901ceee4c7faaef7e07ad2a47e890675da50a278"
  dependencies:
    acorn "^5.0.0"

acorn@^5.0.0, acorn@^5.5.3:
  version "5.5.3"
  resolved "https://registry.yarnpkg.com/acorn/-/acorn-5.5.3.tgz#f473dd47e0277a08e28e9bec5aeeb04751f0b8c9"

acorn@^5.2.1:
  version "5.4.1"
  resolved "https://registry.yarnpkg.com/acorn/-/acorn-5.4.1.tgz#fdc58d9d17f4a4e98d102ded826a9b9759125102"

arr-diff@^2.0.0:
  version "2.0.0"
  resolved "https://registry.yarnpkg.com/arr-diff/-/arr-diff-2.0.0.tgz#8f3b827f955a8bd669697e4a4256ac3ceae356cf"
  dependencies:
    arr-flatten "^1.0.1"

arr-flatten@^1.0.1:
  version "1.1.0"
  resolved "https://registry.yarnpkg.com/arr-flatten/-/arr-flatten-1.1.0.tgz#36048bbff4e7b47e136644316c99669ea5ae91f1"

array-unique@^0.2.1:
  version "0.2.1"
  resolved "https://registry.yarnpkg.com/array-unique/-/array-unique-0.2.1.tgz#a1d97ccafcbc2625cc70fadceb36a50c58b01a53"

assertion-error@~1.0.0:
  version "1.0.2"
  resolved "https://registry.yarnpkg.com/assertion-error/-/assertion-error-1.0.2.tgz#13ca515d86206da0bac66e834dd397d87581094c"

balanced-match@^1.0.0:
  version "1.0.0"
  resolved "https://registry.yarnpkg.com/balanced-match/-/balanced-match-1.0.0.tgz#89b4d199ab2bee49de164ea02b89ce462d71b767"

bluebird@^3.3.4:
  version "3.5.1"
  resolved "https://registry.yarnpkg.com/bluebird/-/bluebird-3.5.1.tgz#d9551f9de98f1fcda1e683d17ee91a0602ee2eb9"

brace-expansion@^1.1.7:
  version "1.1.8"
  resolved "https://registry.yarnpkg.com/brace-expansion/-/brace-expansion-1.1.8.tgz#c07b211c7c952ec1f8efd51a77ef0d1d3990a292"
  dependencies:
    balanced-match "^1.0.0"
    concat-map "0.0.1"

braces@^1.8.2:
  version "1.8.5"
  resolved "https://registry.yarnpkg.com/braces/-/braces-1.8.5.tgz#ba77962e12dff969d6b76711e914b737857bf6a7"
  dependencies:
    expand-range "^1.8.1"
    preserve "^0.2.0"
    repeat-element "^1.1.2"

browser-stdout@1.3.0:
  version "1.3.0"
  resolved "https://registry.yarnpkg.com/browser-stdout/-/browser-stdout-1.3.0.tgz#f351d32969d32fa5d7a5567154263d928ae3bd1f"

commander@2.11.0:
  version "2.11.0"
  resolved "https://registry.yarnpkg.com/commander/-/commander-2.11.0.tgz#157152fd1e7a6c8d98a5b715cf376df928004563"

concat-map@0.0.1:
  version "0.0.1"
  resolved "https://registry.yarnpkg.com/concat-map/-/concat-map-0.0.1.tgz#d8a96bd77fd68df7793a73036a3ba0d5405d477b"

d@1:
  version "1.0.0"
  resolved "https://registry.yarnpkg.com/d/-/d-1.0.0.tgz#754bb5bfe55451da69a58b94d45f4c5b0462d58f"
  dependencies:
    es5-ext "^0.10.9"

date-time@^2.1.0:
  version "2.1.0"
  resolved "https://registry.yarnpkg.com/date-time/-/date-time-2.1.0.tgz#0286d1b4c769633b3ca13e1e62558d2dbdc2eba2"
  dependencies:
    time-zone "^1.0.0"

debug@3.1.0:
  version "3.1.0"
  resolved "https://registry.yarnpkg.com/debug/-/debug-3.1.0.tgz#5bb5a0672628b64149566ba16819e61518c67261"
  dependencies:
    ms "2.0.0"

diff@3.3.1:
  version "3.3.1"
  resolved "https://registry.yarnpkg.com/diff/-/diff-3.3.1.tgz#aa8567a6eed03c531fc89d3f711cd0e5259dec75"

es5-ext@^0.10.35, es5-ext@^0.10.9, es5-ext@~0.10.14:
  version "0.10.42"
  resolved "https://registry.yarnpkg.com/es5-ext/-/es5-ext-0.10.42.tgz#8c07dd33af04d5dcd1310b5cef13bea63a89ba8d"
  dependencies:
    es6-iterator "~2.0.3"
    es6-symbol "~3.1.1"
    next-tick "1"

es6-iterator@~2.0.1, es6-iterator@~2.0.3:
  version "2.0.3"
  resolved "https://registry.yarnpkg.com/es6-iterator/-/es6-iterator-2.0.3.tgz#a7de889141a05a94b0854403b2d0a0fbfa98f3b7"
  dependencies:
    d "1"
    es5-ext "^0.10.35"
    es6-symbol "^3.1.1"

es6-map@^0.1.5:
  version "0.1.5"
  resolved "https://registry.yarnpkg.com/es6-map/-/es6-map-0.1.5.tgz#9136e0503dcc06a301690f0bb14ff4e364e949f0"
  dependencies:
    d "1"
    es5-ext "~0.10.14"
    es6-iterator "~2.0.1"
    es6-set "~0.1.5"
    es6-symbol "~3.1.1"
    event-emitter "~0.3.5"

es6-set@~0.1.5:
  version "0.1.5"
  resolved "https://registry.yarnpkg.com/es6-set/-/es6-set-0.1.5.tgz#d2b3ec5d4d800ced818db538d28974db0a73ccb1"
  dependencies:
    d "1"
    es5-ext "~0.10.14"
    es6-iterator "~2.0.1"
    es6-symbol "3.1.1"
    event-emitter "~0.3.5"

es6-symbol@3.1.1, es6-symbol@^3.1.1, es6-symbol@~3.1.1:
  version "3.1.1"
  resolved "https://registry.yarnpkg.com/es6-symbol/-/es6-symbol-3.1.1.tgz#bf00ef4fdab6ba1b46ecb7b629b4c7ed5715cc77"
  dependencies:
    d "1"
    es5-ext "~0.10.14"

escape-string-regexp@1.0.5:
  version "1.0.5"
  resolved "https://registry.yarnpkg.com/escape-string-regexp/-/escape-string-regexp-1.0.5.tgz#1b61c0562190a8dff6ae3bb2cf0200ca130b86d4"

estree-walker@^0.3.0:
  version "0.3.1"
  resolved "https://registry.yarnpkg.com/estree-walker/-/estree-walker-0.3.1.tgz#e6b1a51cf7292524e7237c312e5fe6660c1ce1aa"

event-emitter@~0.3.5:
  version "0.3.5"
  resolved "https://registry.yarnpkg.com/event-emitter/-/event-emitter-0.3.5.tgz#df8c69eef1647923c7157b9ce83840610b02cc39"
  dependencies:
    d "1"
    es5-ext "~0.10.14"

expand-brackets@^0.1.4:
  version "0.1.5"
  resolved "https://registry.yarnpkg.com/expand-brackets/-/expand-brackets-0.1.5.tgz#df07284e342a807cd733ac5af72411e581d1177b"
  dependencies:
    is-posix-bracket "^0.1.0"

expand-range@^1.8.1:
  version "1.8.2"
  resolved "https://registry.yarnpkg.com/expand-range/-/expand-range-1.8.2.tgz#a299effd335fe2721ebae8e257ec79644fc85337"
  dependencies:
    fill-range "^2.1.0"

extglob@^0.3.1:
  version "0.3.2"
  resolved "https://registry.yarnpkg.com/extglob/-/extglob-0.3.2.tgz#2e18ff3d2f49ab2765cec9023f011daa8d8349a1"
  dependencies:
    is-extglob "^1.0.0"

filename-regex@^2.0.0:
  version "2.0.1"
  resolved "https://registry.yarnpkg.com/filename-regex/-/filename-regex-2.0.1.tgz#c1c4b9bee3e09725ddb106b75c1e301fe2f18b26"

fill-range@^2.1.0:
  version "2.2.3"
  resolved "https://registry.yarnpkg.com/fill-range/-/fill-range-2.2.3.tgz#50b77dfd7e469bc7492470963699fe7a8485a723"
  dependencies:
    is-number "^2.1.0"
    isobject "^2.0.0"
    randomatic "^1.1.3"
    repeat-element "^1.1.2"
    repeat-string "^1.5.2"

for-in@^1.0.1:
  version "1.0.2"
  resolved "https://registry.yarnpkg.com/for-in/-/for-in-1.0.2.tgz#81068d295a8142ec0ac726c6e2200c30fb6d5e80"

for-own@^0.1.4:
  version "0.1.5"
  resolved "https://registry.yarnpkg.com/for-own/-/for-own-0.1.5.tgz#5265c681a4f294dabbf17c9509b6763aa84510ce"
  dependencies:
    for-in "^1.0.1"

fs.realpath@^1.0.0:
  version "1.0.0"
  resolved "https://registry.yarnpkg.com/fs.realpath/-/fs.realpath-1.0.0.tgz#1504ad2523158caa40db4a2787cb01411994ea4f"

glob-base@^0.3.0:
  version "0.3.0"
  resolved "https://registry.yarnpkg.com/glob-base/-/glob-base-0.3.0.tgz#dbb164f6221b1c0b1ccf82aea328b497df0ea3c4"
  dependencies:
    glob-parent "^2.0.0"
    is-glob "^2.0.0"

glob-parent@^2.0.0:
  version "2.0.0"
  resolved "https://registry.yarnpkg.com/glob-parent/-/glob-parent-2.0.0.tgz#81383d72db054fcccf5336daa902f182f6edbb28"
  dependencies:
    is-glob "^2.0.0"

glob@7.1.2:
  version "7.1.2"
  resolved "https://registry.yarnpkg.com/glob/-/glob-7.1.2.tgz#c19c9df9a028702d678612384a6552404c636d15"
  dependencies:
    fs.realpath "^1.0.0"
    inflight "^1.0.4"
    inherits "2"
    minimatch "^3.0.4"
    once "^1.3.0"
    path-is-absolute "^1.0.0"

growl@1.10.3:
  version "1.10.3"
  resolved "https://registry.yarnpkg.com/growl/-/growl-1.10.3.tgz#1926ba90cf3edfe2adb4927f5880bc22c66c790f"

hamjest@^3.1.0:
  version "3.1.0"
  resolved "https://registry.yarnpkg.com/hamjest/-/hamjest-3.1.0.tgz#36efda5744588195e02ffcbfaf027adbe01b3da2"
  dependencies:
    assertion-error "~1.0.0"
    bluebird "^3.3.4"
    lodash "^3.6.0"

has-flag@^2.0.0:
  version "2.0.0"
  resolved "https://registry.yarnpkg.com/has-flag/-/has-flag-2.0.0.tgz#e8207af1cc7b30d446cc70b734b5e8be18f88d51"

he@1.1.1:
  version "1.1.1"
  resolved "https://registry.yarnpkg.com/he/-/he-1.1.1.tgz#93410fd21b009735151f8868c2f271f3427e23fd"

inflight@^1.0.4:
  version "1.0.6"
  resolved "https://registry.yarnpkg.com/inflight/-/inflight-1.0.6.tgz#49bd6331d7d02d0c09bc910a1075ba8165b56df9"
  dependencies:
    once "^1.3.0"
    wrappy "1"

inherits@2:
  version "2.0.3"
  resolved "https://registry.yarnpkg.com/inherits/-/inherits-2.0.3.tgz#633c2c83e3da42a502f52466022480f4208261de"

irregular-plurals@^1.0.0:
  version "1.4.0"
  resolved "https://registry.yarnpkg.com/irregular-plurals/-/irregular-plurals-1.4.0.tgz#2ca9b033651111855412f16be5d77c62a458a766"

is-buffer@^1.1.5:
  version "1.1.6"
  resolved "https://registry.yarnpkg.com/is-buffer/-/is-buffer-1.1.6.tgz#efaa2ea9daa0d7ab2ea13a97b2b8ad51fefbe8be"

is-dotfile@^1.0.0:
  version "1.0.3"
  resolved "https://registry.yarnpkg.com/is-dotfile/-/is-dotfile-1.0.3.tgz#a6a2f32ffd2dfb04f5ca25ecd0f6b83cf798a1e1"

is-equal-shallow@^0.1.3:
  version "0.1.3"
  resolved "https://registry.yarnpkg.com/is-equal-shallow/-/is-equal-shallow-0.1.3.tgz#2238098fc221de0bcfa5d9eac4c45d638aa1c534"
  dependencies:
    is-primitive "^2.0.0"

is-extendable@^0.1.1:
  version "0.1.1"
  resolved "https://registry.yarnpkg.com/is-extendable/-/is-extendable-0.1.1.tgz#62b110e289a471418e3ec36a617d472e301dfc89"

is-extglob@^1.0.0:
  version "1.0.0"
  resolved "https://registry.yarnpkg.com/is-extglob/-/is-extglob-1.0.0.tgz#ac468177c4943405a092fc8f29760c6ffc6206c0"

is-glob@^2.0.0, is-glob@^2.0.1:
  version "2.0.1"
  resolved "https://registry.yarnpkg.com/is-glob/-/is-glob-2.0.1.tgz#d096f926a3ded5600f3fdfd91198cb0888c2d863"
  dependencies:
    is-extglob "^1.0.0"

is-number@^2.1.0:
  version "2.1.0"
  resolved "https://registry.yarnpkg.com/is-number/-/is-number-2.1.0.tgz#01fcbbb393463a548f2f466cce16dece49db908f"
  dependencies:
    kind-of "^3.0.2"

is-number@^3.0.0:
  version "3.0.0"
  resolved "https://registry.yarnpkg.com/is-number/-/is-number-3.0.0.tgz#24fd6201a4782cf50561c810276afc7d12d71195"
  dependencies:
    kind-of "^3.0.2"

is-plain-obj@^1.0.0:
  version "1.1.0"
  resolved "https://registry.yarnpkg.com/is-plain-obj/-/is-plain-obj-1.1.0.tgz#71a50c8429dfca773c92a390a4a03b39fcd51d3e"

is-posix-bracket@^0.1.0:
  version "0.1.1"
  resolved "https://registry.yarnpkg.com/is-posix-bracket/-/is-posix-bracket-0.1.1.tgz#3334dc79774368e92f016e6fbc0a88f5cd6e6bc4"

is-primitive@^2.0.0:
  version "2.0.0"
  resolved "https://registry.yarnpkg.com/is-primitive/-/is-primitive-2.0.0.tgz#207bab91638499c07b2adf240a41a87210034575"

is-reference@^1.1.0:
  version "1.1.0"
  resolved "https://registry.yarnpkg.com/is-reference/-/is-reference-1.1.0.tgz#50e6ef3f64c361e2c53c0416cdc9420037f2685b"
  dependencies:
    "@types/estree" "0.0.38"

is-regexp@^1.0.0:
  version "1.0.0"
  resolved "https://registry.yarnpkg.com/is-regexp/-/is-regexp-1.0.0.tgz#fd2d883545c46bac5a633e7b9a09e87fa2cb5069"

isarray@1.0.0:
  version "1.0.0"
  resolved "https://registry.yarnpkg.com/isarray/-/isarray-1.0.0.tgz#bb935d48582cba168c06834957a54a3e07124f11"

isobject@^2.0.0:
  version "2.1.0"
  resolved "https://registry.yarnpkg.com/isobject/-/isobject-2.1.0.tgz#f065561096a3f1da2ef46272f815c840d87e0c89"
  dependencies:
    isarray "1.0.0"

kind-of@^3.0.2:
  version "3.2.2"
  resolved "https://registry.yarnpkg.com/kind-of/-/kind-of-3.2.2.tgz#31ea21a734bab9bbb0f32466d893aea51e4a3c64"
  dependencies:
    is-buffer "^1.1.5"

kind-of@^4.0.0:
  version "4.0.0"
  resolved "https://registry.yarnpkg.com/kind-of/-/kind-of-4.0.0.tgz#20813df3d712928b207378691a45066fae72dd57"
  dependencies:
    is-buffer "^1.1.5"

locate-character@^2.0.5:
  version "2.0.5"
  resolved "https://registry.yarnpkg.com/locate-character/-/locate-character-2.0.5.tgz#f2d2614d49820ecb3c92d80d193b8db755f74c0f"

lodash@^3.6.0:
  version "3.10.1"
  resolved "https://registry.yarnpkg.com/lodash/-/lodash-3.10.1.tgz#5bf45e8e49ba4189e17d482789dfd15bd140b7b6"

lodash@^4.17.2, lodash@^4.17.4:
  version "4.17.5"
  resolved "https://registry.yarnpkg.com/lodash/-/lodash-4.17.5.tgz#99a92d65c0272debe8c96b6057bc8fbfa3bed511"

micromatch@^2.3.11:
  version "2.3.11"
  resolved "https://registry.yarnpkg.com/micromatch/-/micromatch-2.3.11.tgz#86677c97d1720b363431d04d0d15293bd38c1565"
  dependencies:
    arr-diff "^2.0.0"
    array-unique "^0.2.1"
    braces "^1.8.2"
    expand-brackets "^0.1.4"
    extglob "^0.3.1"
    filename-regex "^2.0.0"
    is-extglob "^1.0.0"
    is-glob "^2.0.1"
    kind-of "^3.0.2"
    normalize-path "^2.0.1"
    object.omit "^2.0.0"
    parse-glob "^3.0.4"
    regex-cache "^0.4.2"

minimatch@^3.0.4:
  version "3.0.4"
  resolved "https://registry.yarnpkg.com/minimatch/-/minimatch-3.0.4.tgz#5166e286457f03306064be5497e8dbb0c3d32083"
  dependencies:
    brace-expansion "^1.1.7"

minimist@0.0.8:
  version "0.0.8"
  resolved "https://registry.yarnpkg.com/minimist/-/minimist-0.0.8.tgz#857fcabfc3397d2625b8228262e86aa7a011b05d"

minipass@^2.2.1:
  version "2.2.1"
  resolved "https://registry.yarnpkg.com/minipass/-/minipass-2.2.1.tgz#5ada97538b1027b4cf7213432428578cb564011f"
  dependencies:
    yallist "^3.0.0"

minizlib@^1.0.4:
  version "1.1.0"
  resolved "https://registry.yarnpkg.com/minizlib/-/minizlib-1.1.0.tgz#11e13658ce46bc3a70a267aac58359d1e0c29ceb"
  dependencies:
    minipass "^2.2.1"

mkdirp@0.5.1:
  version "0.5.1"
  resolved "https://registry.yarnpkg.com/mkdirp/-/mkdirp-0.5.1.tgz#30057438eac6cf7f8c4767f38648d6697d75c903"
  dependencies:
    minimist "0.0.8"

mocha@^5.0.0:
  version "5.0.0"
  resolved "https://registry.yarnpkg.com/mocha/-/mocha-5.0.0.tgz#cccac988b0bc5477119cba0e43de7af6d6ad8f4e"
  dependencies:
    browser-stdout "1.3.0"
    commander "2.11.0"
    debug "3.1.0"
    diff "3.3.1"
    escape-string-regexp "1.0.5"
    glob "7.1.2"
    growl "1.10.3"
    he "1.1.1"
    mkdirp "0.5.1"
    supports-color "4.4.0"

ms@2.0.0:
  version "2.0.0"
  resolved "https://registry.yarnpkg.com/ms/-/ms-2.0.0.tgz#5608aeadfc00be6c2901df5f9861788de0d597c8"

next-tick@1:
  version "1.0.0"
  resolved "https://registry.yarnpkg.com/next-tick/-/next-tick-1.0.0.tgz#ca86d1fe8828169b0120208e3dc8424b9db8342c"

normalize-path@^2.0.1:
  version "2.1.1"
  resolved "https://registry.yarnpkg.com/normalize-path/-/normalize-path-2.1.1.tgz#1ab28b556e198363a8c1a6f7e6fa20137fe6aed9"
  dependencies:
    remove-trailing-separator "^1.0.1"

object.omit@^2.0.0:
  version "2.0.1"
  resolved "https://registry.yarnpkg.com/object.omit/-/object.omit-2.0.1.tgz#1a9c744829f39dbb858c76ca3579ae2a54ebd1fa"
  dependencies:
    for-own "^0.1.4"
    is-extendable "^0.1.1"

once@^1.3.0:
  version "1.4.0"
  resolved "https://registry.yarnpkg.com/once/-/once-1.4.0.tgz#583b1aa775961d4b113ac17d9c50baef9dd76bd1"
  dependencies:
    wrappy "1"

parse-glob@^3.0.4:
  version "3.0.4"
  resolved "https://registry.yarnpkg.com/parse-glob/-/parse-glob-3.0.4.tgz#b2c376cfb11f35513badd173ef0bb6e3a388391c"
  dependencies:
    glob-base "^0.3.0"
    is-dotfile "^1.0.0"
    is-extglob "^1.0.0"
    is-glob "^2.0.0"

parse-ms@^1.0.0:
  version "1.0.1"
  resolved "https://registry.yarnpkg.com/parse-ms/-/parse-ms-1.0.1.tgz#56346d4749d78f23430ca0c713850aef91aa361d"

path-is-absolute@^1.0.0:
  version "1.0.1"
  resolved "https://registry.yarnpkg.com/path-is-absolute/-/path-is-absolute-1.0.1.tgz#174b9268735534ffbc7ace6bf53a5a9e1b5c5f5f"

path-parse@^1.0.5:
  version "1.0.5"
  resolved "https://registry.yarnpkg.com/path-parse/-/path-parse-1.0.5.tgz#3c1adf871ea9cd6c9431b6ea2bd74a0ff055c4c1"

plur@^2.1.2:
  version "2.1.2"
  resolved "https://registry.yarnpkg.com/plur/-/plur-2.1.2.tgz#7482452c1a0f508e3e344eaec312c91c29dc655a"
  dependencies:
    irregular-plurals "^1.0.0"

preserve@^0.2.0:
  version "0.2.0"
  resolved "https://registry.yarnpkg.com/preserve/-/preserve-0.2.0.tgz#815ed1f6ebc65926f865b310c0713bcb3315ce4b"

pretty-ms@^3.1.0:
  version "3.1.0"
  resolved "https://registry.yarnpkg.com/pretty-ms/-/pretty-ms-3.1.0.tgz#e9cac9c76bf6ee52fe942dd9c6c4213153b12881"
  dependencies:
    parse-ms "^1.0.0"
    plur "^2.1.2"

quibble@^0.5.1:
  version "0.5.3"
  resolved "https://registry.yarnpkg.com/quibble/-/quibble-0.5.3.tgz#3dfd53206fc6873f61c96f3bece63b69747b4d0c"
  dependencies:
    lodash "^4.17.2"
    resolve "^1.5.0"

randomatic@^1.1.3:
  version "1.1.7"
  resolved "https://registry.yarnpkg.com/randomatic/-/randomatic-1.1.7.tgz#c7abe9cc8b87c0baa876b19fde83fd464797e38c"
  dependencies:
    is-number "^3.0.0"
    kind-of "^4.0.0"

regex-cache@^0.4.2:
  version "0.4.4"
  resolved "https://registry.yarnpkg.com/regex-cache/-/regex-cache-0.4.4.tgz#75bdc58a2a1496cec48a12835bc54c8d562336dd"
  dependencies:
    is-equal-shallow "^0.1.3"

reify@^0.13.7:
  version "0.13.7"
  resolved "https://registry.yarnpkg.com/reify/-/reify-0.13.7.tgz#905db9e14f0c3d34cbcdf1a80dfb68d654c71d7c"
  dependencies:
    acorn "^5.2.1"
    minizlib "^1.0.4"
    semver "^5.4.1"

remove-trailing-separator@^1.0.1:
  version "1.1.0"
  resolved "https://registry.yarnpkg.com/remove-trailing-separator/-/remove-trailing-separator-1.1.0.tgz#c24bce2a283adad5bc3f58e0d48249b92379d8ef"

repeat-element@^1.1.2:
  version "1.1.2"
  resolved "https://registry.yarnpkg.com/repeat-element/-/repeat-element-1.1.2.tgz#ef089a178d1483baae4d93eb98b4f9e4e11d990a"

repeat-string@^1.5.2:
  version "1.6.1"
  resolved "https://registry.yarnpkg.com/repeat-string/-/repeat-string-1.6.1.tgz#8dcae470e1c88abc2d600fff4a776286da75e637"

require-relative@^0.8.7:
  version "0.8.7"
  resolved "https://registry.yarnpkg.com/require-relative/-/require-relative-0.8.7.tgz#7999539fc9e047a37928fa196f8e1563dabd36de"

resolve@^1.5.0:
  version "1.6.0"
  resolved "https://registry.yarnpkg.com/resolve/-/resolve-1.6.0.tgz#0fbd21278b27b4004481c395349e7aba60a9ff5c"
  dependencies:
    path-parse "^1.0.5"

rollup-pluginutils@^2.0.1:
  version "2.0.1"
  resolved "https://registry.yarnpkg.com/rollup-pluginutils/-/rollup-pluginutils-2.0.1.tgz#7ec95b3573f6543a46a6461bd9a7c544525d0fc0"
  dependencies:
    estree-walker "^0.3.0"
    micromatch "^2.3.11"

rollup@^0.57.1:
  version "0.57.1"
  resolved "https://registry.yarnpkg.com/rollup/-/rollup-0.57.1.tgz#0bb28be6151d253f67cf4a00fea48fb823c74027"
  dependencies:
    "@types/acorn" "^4.0.3"
    acorn "^5.5.3"
    acorn-dynamic-import "^3.0.0"
    date-time "^2.1.0"
    is-reference "^1.1.0"
    locate-character "^2.0.5"
    pretty-ms "^3.1.0"
    require-relative "^0.8.7"
    rollup-pluginutils "^2.0.1"
    signal-exit "^3.0.2"
    sourcemap-codec "^1.4.1"

semver@^5.4.1:
  version "5.5.0"
  resolved "https://registry.yarnpkg.com/semver/-/semver-5.5.0.tgz#dc4bbc7a6ca9d916dee5d43516f0092b58f7b8ab"

signal-exit@^3.0.2:
  version "3.0.2"
  resolved "https://registry.yarnpkg.com/signal-exit/-/signal-exit-3.0.2.tgz#b5fdc08f1287ea1178628e415e25132b73646c6d"

sourcemap-codec@^1.4.1:
  version "1.4.1"
  resolved "https://registry.yarnpkg.com/sourcemap-codec/-/sourcemap-codec-1.4.1.tgz#c8fd92d91889e902a07aee392bdd2c5863958ba2"

stringify-object-es5@^2.5.0:
  version "2.5.0"
  resolved "https://registry.yarnpkg.com/stringify-object-es5/-/stringify-object-es5-2.5.0.tgz#057c3c9a90a127339bb9d1704a290bb7bd0a1ec5"
  dependencies:
    is-plain-obj "^1.0.0"
    is-regexp "^1.0.0"

supports-color@4.4.0:
  version "4.4.0"
  resolved "https://registry.yarnpkg.com/supports-color/-/supports-color-4.4.0.tgz#883f7ddabc165142b2a61427f3352ded195d1a3e"
  dependencies:
    has-flag "^2.0.0"

testdouble@^3.6.0:
  version "3.6.0"
  resolved "https://registry.yarnpkg.com/testdouble/-/testdouble-3.6.0.tgz#790aa09d97bb00d5c2fb5a81850cb2a9f4a45d12"
  dependencies:
    es6-map "^0.1.5"
    lodash "^4.17.4"
    quibble "^0.5.1"
    stringify-object-es5 "^2.5.0"

time-zone@^1.0.0:
  version "1.0.0"
  resolved "https://registry.yarnpkg.com/time-zone/-/time-zone-1.0.0.tgz#99c5bf55958966af6d06d83bdf3800dc82faec5d"

wrappy@1:
  version "1.0.2"
  resolved "https://registry.yarnpkg.com/wrappy/-/wrappy-1.0.2.tgz#b5243d8f3ec1aa35f1364605bc0d1036e30ab69f"

yallist@^3.0.0:
  version "3.0.2"
  resolved "https://registry.yarnpkg.com/yallist/-/yallist-3.0.2.tgz#8452b4bb7e83c7c188d8041c1a837c773d6d8bb9"
